version = 1
revision = 3
requires-python = "==3.13.2"

[[package]]
name = "certifi"
version = "2026.5.20"
source = { registry = "https://pypi.org/simple" }
sdist = { url = "https://files.pythonhosted.org/packages/f3/ce/ee2ecad540810a79593028e88299baeae54d346cc7a0d94b6199988b89b1/certifi-2026.5.20.tar.gz", hash = "sha256:69dea482ab64caa7b9f6aba1c6bf48bb6a5448d1c0f1b17ab42ad8c763a5344d", size = 135422, upload-time = "2026-05-20T11:46:50.073Z" }
wheels = [
    { url = "https://files.pythonhosted.org/packages/59/8c/57e832b7af6d7c5abe66eb3fbe3a3a32f4d11ea23a1aa7131371035be991/certifi-2026.5.20-py3-none-any.whl", hash = "sha256:3c52e209ba0a4ad7aebe60436a4ab349c39e1e602e8c134221e546902ad25897", size = 134134, upload-time = "2026-05-20T11:46:48.578Z" },
]

[[package]]
name = "cffi"
version = "2.0.0"
source = { registry = "https://pypi.org/simple" }
dependencies = [
    { name = "pycparser", marker = "implementation_name != 'PyPy'" },
]
sdist = { url = "https://files.pythonhosted.org/packages/eb/56/b1ba7935a17738ae8453301356628e8147c79dbb825bcbc73dc7401f9846/cffi-2.0.0.tar.gz", hash = "sha256:44d1b5909021139fe36001ae048dbdde8214afa20200eda0f64c068cac5d5529", size = 523588, upload-time = "2025-09-08T23:24:04.541Z" }
wheels = [
    { url = "https://files.pythonhosted.org/packages/4b/8d/a0a47a0c9e413a658623d014e91e74a50cdd2c423f7ccfd44086ef767f90/cffi-2.0.0-cp313-cp313-macosx_10_13_x86_64.whl", hash = "sha256:00bdf7acc5f795150faa6957054fbbca2439db2f775ce831222b66f192f03beb", size = 185230, upload-time = "2025-09-08T23:23:00.879Z" },
    { url = "https://files.pythonhosted.org/packages/4a/d2/a6c0296814556c68ee32009d9c2ad4f85f2707cdecfd7727951ec228005d/cffi-2.0.0-cp313-cp313-macosx_11_0_arm64.whl", hash = "sha256:45d5e886156860dc35862657e1494b9bae8dfa63bf56796f2fb56e1679fc0bca", size = 181043, upload-time = "2025-09-08T23:23:02.231Z" },
    { url = "https://files.pythonhosted.org/packages/b0/1e/d22cc63332bd59b06481ceaac49d6c507598642e2230f201649058a7e704/cffi-2.0.0-cp313-cp313-manylinux1_i686.manylinux2014_i686.manylinux_2_17_i686.manylinux_2_5_i686.whl", hash = "sha256:07b271772c100085dd28b74fa0cd81c8fb1a3ba18b21e03d7c27f3436a10606b", size = 212446, upload-time = "2025-09-08T23:23:03.472Z" },
    { url = "https://files.pythonhosted.org/packages/a9/f5/a2c23eb03b61a0b8747f211eb716446c826ad66818ddc7810cc2cc19b3f2/cffi-2.0.0-cp313-cp313-manylinux2014_aarch64.manylinux_2_17_aarch64.whl", hash = "sha256:d48a880098c96020b02d5a1f7d9251308510ce8858940e6fa99ece33f610838b", size = 220101, upload-time = "2025-09-08T23:23:04.792Z" },
    { url = "https://files.pythonhosted.org/packages/f2/7f/e6647792fc5850d634695bc0e6ab4111ae88e89981d35ac269956605feba/cffi-2.0.0-cp313-cp313-manylinux2014_ppc64le.manylinux_2_17_ppc64le.whl", hash = "sha256:f93fd8e5c8c0a4aa1f424d6173f14a892044054871c771f8566e4008eaa359d2", size = 207948, upload-time = "2025-09-08T23:23:06.127Z" },
    { url = "https://files.pythonhosted.org/packages/cb/1e/a5a1bd6f1fb30f22573f76533de12a00bf274abcdc55c8edab639078abb6/cffi-2.0.0-cp313-cp313-manylinux2014_s390x.manylinux_2_17_s390x.whl", hash = "sha256:dd4f05f54a52fb558f1ba9f528228066954fee3ebe629fc1660d874d040ae5a3", size = 206422, upload-time = "2025-09-08T23:23:07.753Z" },
    { url = "https://files.pythonhosted.org/packages/98/df/0a1755e750013a2081e863e7cd37e0cdd02664372c754e5560099eb7aa44/cffi-2.0.0-cp313-cp313-manylinux2014_x86_64.manylinux_2_17_x86_64.whl", hash = "sha256:c8d3b5532fc71b7a77c09192b4a5a200ea992702734a2e9279a37f2478236f26", size = 219499, upload-time = "2025-09-08T23:23:09.648Z" },
    { url = "https://files.pythonhosted.org/packages/50/e1/a969e687fcf9ea58e6e2a928ad5e2dd88cc12f6f0ab477e9971f2309b57c/cffi-2.0.0-cp313-cp313-musllinux_1_2_aarch64.whl", hash = "sha256:d9b29c1f0ae438d5ee9acb31cadee00a58c46cc9c0b2f9038c6b0b3470877a8c", size = 222928, upload-time = "2025-09-08T23:23:10.928Z" },
    { url = "https://files.pythonhosted.org/packages/36/54/0362578dd2c9e557a28ac77698ed67323ed5b9775ca9d3fe73fe191bb5d8/cffi-2.0.0-cp313-cp313-musllinux_1_2_x86_64.whl", hash = "sha256:6d50360be4546678fc1b79ffe7a66265e28667840010348dd69a314145807a1b", size = 221302, upload-time = "2025-09-08T23:23:12.42Z" },
    { url = "https://files.pythonhosted.org/packages/eb/6d/bf9bda840d5f1dfdbf0feca87fbdb64a918a69bca42cfa0ba7b137c48cb8/cffi-2.0.0-cp313-cp313-win32.whl", hash = "sha256:74a03b9698e198d47562765773b4a8309919089150a0bb17d829ad7b44b60d27", size = 172909, upload-time = "2025-09-08T23:23:14.32Z" },
    { url = "https://files.pythonhosted.org/packages/37/18/6519e1ee6f5a1e579e04b9ddb6f1676c17368a7aba48299c3759bbc3c8b3/cffi-2.0.0-cp313-cp313-win_amd64.whl", hash = "sha256:19f705ada2530c1167abacb171925dd886168931e0a7b78f5bffcae5c6b5be75", size = 183402, upload-time = "2025-09-08T23:23:15.535Z" },
    { url = "https://files.pythonhosted.org/packages/cb/0e/02ceeec9a7d6ee63bb596121c2c8e9b3a9e150936f4fbef6ca1943e6137c/cffi-2.0.0-cp313-cp313-win_arm64.whl", hash = "sha256:256f80b80ca3853f90c21b23ee78cd008713787b1b1e93eae9f3d6a7134abd91", size = 177780, upload-time = "2025-09-08T23:23:16.761Z" },
]

[[package]]
name = "charset-normalizer"
version = "3.4.7"
source = { registry = "https://pypi.org/simple" }
sdist = { url = "https://files.pythonhosted.org/packages/e7/a1/67fe25fac3c7642725500a3f6cfe5821ad557c3abb11c9d20d12c7008d3e/charset_normalizer-3.4.7.tar.gz", hash = "sha256:ae89db9e5f98a11a4bf50407d4363e7b09b31e55bc117b4f7d80aab97ba009e5", size = 144271, upload-time = "2026-04-02T09:28:39.342Z" }
wheels = [
    { url = "https://files.pythonhosted.org/packages/c1/3b/66777e39d3ae1ddc77ee606be4ec6d8cbd4c801f65e5a1b6f2b11b8346dd/charset_normalizer-3.4.7-cp313-cp313-macosx_10_13_universal2.whl", hash = "sha256:f496c9c3cc02230093d8330875c4c3cdfc3b73612a5fd921c65d39cbcef08063", size = 309627, upload-time = "2026-04-02T09:26:45.198Z" },
    { url = "https://files.pythonhosted.org/packages/2e/4e/b7f84e617b4854ade48a1b7915c8ccfadeba444d2a18c291f696e37f0d3b/charset_normalizer-3.4.7-cp313-cp313-manylinux2014_aarch64.manylinux_2_17_aarch64.manylinux_2_28_aarch64.whl", hash = "sha256:0ea948db76d31190bf08bd371623927ee1339d5f2a0b4b1b4a4439a65298703c", size = 207008, upload-time = "2026-04-02T09:26:46.824Z" },
    { url = "https://files.pythonhosted.org/packages/c4/bb/ec73c0257c9e11b268f018f068f5d00aa0ef8c8b09f7753ebd5f2880e248/charset_normalizer-3.4.7-cp313-cp313-manylinux2014_ppc64le.manylinux_2_17_ppc64le.manylinux_2_28_ppc64le.whl", hash = "sha256:a277ab8928b9f299723bc1a2dabb1265911b1a76341f90a510368ca44ad9ab66", size = 228303, upload-time = "2026-04-02T09:26:48.397Z" },
    { url = "https://files.pythonhosted.org/packages/85/fb/32d1f5033484494619f701e719429c69b766bfc4dbc61aa9e9c8c166528b/charset_normalizer-3.4.7-cp313-cp313-manylinux2014_s390x.manylinux_2_17_s390x.manylinux_2_28_s390x.whl", hash = "sha256:3bec022aec2c514d9cf199522a802bd007cd588ab17ab2525f20f9c34d067c18", size = 224282, upload-time = "2026-04-02T09:26:49.684Z" },
    { url = "https://files.pythonhosted.org/packages/fa/07/330e3a0dda4c404d6da83b327270906e9654a24f6c546dc886a0eb0ffb23/charset_normalizer-3.4.7-cp313-cp313-manylinux2014_x86_64.manylinux_2_17_x86_64.manylinux_2_28_x86_64.whl", hash = "sha256:e044c39e41b92c845bc815e5ae4230804e8e7bc29e399b0437d64222d92809dd", size = 215595, upload-time = "2026-04-02T09:26:50.915Z" },
    { url = "https://files.pythonhosted.org/packages/e3/7c/fc890655786e423f02556e0216d4b8c6bcb6bdfa890160dc66bf52dee468/charset_normalizer-3.4.7-cp313-cp313-manylinux_2_31_armv7l.whl", hash = "sha256:f495a1652cf3fbab2eb0639776dad966c2fb874d79d87ca07f9d5f059b8bd215", size = 201986, upload-time = "2026-04-02T09:26:52.197Z" },
    { url = "https://files.pythonhosted.org/packages/d8/97/bfb18b3db2aed3b90cf54dc292ad79fdd5ad65c4eae454099475cbeadd0d/charset_normalizer-3.4.7-cp313-cp313-manylinux_2_31_riscv64.manylinux_2_39_riscv64.whl", hash = "sha256:e712b419df8ba5e42b226c510472b37bd57b38e897d3eca5e8cfd410a29fa859", size = 211711, upload-time = "2026-04-02T09:26:53.49Z" },
    { url = "https://files.pythonhosted.org/packages/6f/a5/a581c13798546a7fd557c82614a5c65a13df2157e9ad6373166d2a3e645d/charset_normalizer-3.4.7-cp313-cp313-musllinux_1_2_aarch64.whl", hash = "sha256:7804338df6fcc08105c7745f1502ba68d900f45fd770d5bdd5288ddccb8a42d8", size = 210036, upload-time = "2026-04-02T09:26:54.975Z" },
    { url = "https://files.pythonhosted.org/packages/8c/bf/b3ab5bcb478e4193d517644b0fb2bf5497fbceeaa7a1bc0f4d5b50953861/charset_normalizer-3.4.7-cp313-cp313-musllinux_1_2_armv7l.whl", hash = "sha256:481551899c856c704d58119b5025793fa6730adda3571971af568f66d2424bb5", size = 202998, upload-time = "2026-04-02T09:26:56.303Z" },
    { url = "https://files.pythonhosted.org/packages/e7/4e/23efd79b65d314fa320ec6017b4b5834d5c12a58ba4610aa353af2e2f577/charset_normalizer-3.4.7-cp313-cp313-musllinux_1_2_ppc64le.whl", hash = "sha256:f59099f9b66f0d7145115e6f80dd8b1d847176df89b234a5a6b3f00437aa0832", size = 230056, upload-time = "2026-04-02T09:26:57.554Z" },
    { url = "https://files.pythonhosted.org/packages/b9/9f/1e1941bc3f0e01df116e68dc37a55c4d249df5e6fa77f008841aef68264f/charset_normalizer-3.4.7-cp313-cp313-musllinux_1_2_riscv64.whl", hash = "sha256:f59ad4c0e8f6bba240a9bb85504faa1ab438237199d4cce5f622761507b8f6a6", size = 211537, upload-time = "2026-04-02T09:26:58.843Z" },
    { url = "https://files.pythonhosted.org/packages/80/0f/088cbb3020d44428964a6c97fe1edfb1b9550396bf6d278330281e8b709c/charset_normalizer-3.4.7-cp313-cp313-musllinux_1_2_s390x.whl", hash = "sha256:3dedcc22d73ec993f42055eff4fcfed9318d1eeb9a6606c55892a26964964e48", size = 226176, upload-time = "2026-04-02T09:27:00.437Z" },
    { url = "https://files.pythonhosted.org/packages/6a/9f/130394f9bbe06f4f63e22641d32fc9b202b7e251c9aef4db044324dac493/charset_normalizer-3.4.7-cp313-cp313-musllinux_1_2_x86_64.whl", hash = "sha256:64f02c6841d7d83f832cd97ccf8eb8a906d06eb95d5276069175c696b024b60a", size = 217723, upload-time = "2026-04-02T09:27:02.021Z" },
    { url = "https://files.pythonhosted.org/packages/73/55/c469897448a06e49f8fa03f6caae97074fde823f432a98f979cc42b90e69/charset_normalizer-3.4.7-cp313-cp313-win32.whl", hash = "sha256:4042d5c8f957e15221d423ba781e85d553722fc4113f523f2feb7b188cc34c5e", size = 148085, upload-time = "2026-04-02T09:27:03.192Z" },
    { url = "https://files.pythonhosted.org/packages/5d/78/1b74c5bbb3f99b77a1715c91b3e0b5bdb6fe302d95ace4f5b1bec37b0167/charset_normalizer-3.4.7-cp313-cp313-win_amd64.whl", hash = "sha256:3946fa46a0cf3e4c8cb1cc52f56bb536310d34f25f01ca9b6c16afa767dab110", size = 158819, upload-time = "2026-04-02T09:27:04.454Z" },
    { url = "https://files.pythonhosted.org/packages/68/86/46bd42279d323deb8687c4a5a811fd548cb7d1de10cf6535d099877a9a9f/charset_normalizer-3.4.7-cp313-cp313-win_arm64.whl", hash = "sha256:80d04837f55fc81da168b98de4f4b797ef007fc8a79ab71c6ec9bc4dd662b15b", size = 147915, upload-time = "2026-04-02T09:27:05.971Z" },
    { url = "https://files.pythonhosted.org/packages/db/8f/61959034484a4a7c527811f4721e75d02d653a35afb0b6054474d8185d4c/charset_normalizer-3.4.7-py3-none-any.whl", hash = "sha256:3dce51d0f5e7951f8bb4900c257dad282f49190fdbebecd4ba99bcc41fef404d", size = 61958, upload-time = "2026-04-02T09:28:37.794Z" },
]

[[package]]
name = "cryptography"
version = "48.0.0"
source = { registry = "https://pypi.org/simple" }
dependencies = [
    { name = "cffi", marker = "platform_python_implementation != 'PyPy'" },
]
sdist = { url = "https://files.pythonhosted.org/packages/9f/a9/db8f313fdcd85d767d4973515e1db101f9c71f95fced83233de224673757/cryptography-48.0.0.tar.gz", hash = "sha256:5c3932f4436d1cccb036cb0eaef46e6e2db91035166f1ad6505c3c9d5a635920", size = 832984, upload-time = "2026-05-04T22:59:38.133Z" }
wheels = [
    { url = "https://files.pythonhosted.org/packages/df/3d/01f6dd9190170a5a241e0e98c2d04be3664a9e6f5b9b872cde63aff1c3dd/cryptography-48.0.0-cp311-abi3-macosx_10_9_universal2.whl", hash = "sha256:0c558d2cdffd8f4bbb30fc7134c74d2ca9a476f830bb053074498fbc86f41ed6", size = 8001587, upload-time = "2026-05-04T22:57:36.803Z" },
    { url = "https://files.pythonhosted.org/packages/b2/6e/e90527eef33f309beb811cf7c982c3aeffcce8e3edb178baa4ca3ae4a6fa/cryptography-48.0.0-cp311-abi3-manylinux2014_aarch64.manylinux_2_17_aarch64.whl", hash = "sha256:f5333311663ea94f75dd408665686aaf426563556bb5283554a3539177e03b8c", size = 4690433, upload-time = "2026-05-04T22:57:40.373Z" },
    { url = "https://files.pythonhosted.org/packages/90/04/673510ed51ddff56575f306cf1617d80411ee76831ccd3097599140efdfe/cryptography-48.0.0-cp311-abi3-manylinux2014_x86_64.manylinux_2_17_x86_64.whl", hash = "sha256:7995ef305d7165c3f11ae07f2517e5a4f1d5c18da1376a0a9ed496336b69e5f3", size = 4710620, upload-time = "2026-05-04T22:57:42.935Z" },
    { url = "https://files.pythonhosted.org/packages/14/d5/e9c4ef932c8d800490c34d8bd589d64a31d5890e27ec9e9ad532be893294/cryptography-48.0.0-cp311-abi3-manylinux_2_28_aarch64.whl", hash = "sha256:40ba1f85eaa6959837b1d51c9767e230e14612eea4ef110ee8854ada22da1bf5", size = 4696283, upload-time = "2026-05-04T22:57:45.294Z" },
    { url = "https://files.pythonhosted.org/packages/0c/29/174b9dfb60b12d59ecfc6cfa04bc88c21b42a54f01b8aae09bb6e51e4c7f/cryptography-48.0.0-cp311-abi3-manylinux_2_28_ppc64le.whl", hash = "sha256:369a6348999f94bbd53435c894377b20ab95f25a9065c283570e70150d8abc3c", size = 5296573, upload-time = "2026-05-04T22:57:47.933Z" },
    { url = "https://files.pythonhosted.org/packages/95/38/0d29a6fd7d0d1373f0c0c88a04ba20e359b257753ac497564cd660fc1d55/cryptography-48.0.0-cp311-abi3-manylinux_2_28_x86_64.whl", hash = "sha256:a0e692c683f4df67815a2d258b324e66f4738bd7a96a218c826dce4f4bd05d8f", size = 4743677, upload-time = "2026-05-04T22:57:50.067Z" },
    { url = "https://files.pythonhosted.org/packages/30/be/eef653013d5c63b6a490529e0316f9ac14a37602965d4903efed1399f32b/cryptography-48.0.0-cp311-abi3-manylinux_2_31_armv7l.whl", hash = "sha256:18349bbc56f4743c8b12dc32e2bccb2cf83ee8b69a3bba74ef8ae857e26b3d25", size = 4330808, upload-time = "2026-05-04T22:57:52.301Z" },
    { url = "https://files.pythonhosted.org/packages/84/9e/500463e87abb7a0a0f9f256ec21123ecde0a7b5541a15e840ea54551fd81/cryptography-48.0.0-cp311-abi3-manylinux_2_34_aarch64.whl", hash = "sha256:7e8eac43dfca5c4cccc6dad9a80504436fca53bb9bc3100a2386d730fbe6b602", size = 4695941, upload-time = "2026-05-04T22:57:54.603Z" },
    { url = "https://files.pythonhosted.org/packages/e3/dc/7303087450c2ec9e7fbb750e17c2abfbc658f23cbd0e54009509b7cc4091/cryptography-48.0.0-cp311-abi3-manylinux_2_34_ppc64le.whl", hash = "sha256:9ccdac7d40688ecb5a3b4a604b8a88c8002e3442d6c60aead1db2a89a041560c", size = 5252579, upload-time = "2026-05-04T22:57:57.207Z" },
    { url = "https://files.pythonhosted.org/packages/d0/c0/7101d3b7215edcdc90c45da544961fd8ed2d6448f77577460fa75a8443f7/cryptography-48.0.0-cp311-abi3-manylinux_2_34_x86_64.whl", hash = "sha256:bd72e68b06bb1e96913f97dd4901119bc17f39d4586a5adf2d3e47bc2b9d58b5", size = 4743326, upload-time = "2026-05-04T22:57:59.535Z" },
    { url = "https://files.pythonhosted.org/packages/ac/d8/5b833bad13016f562ab9d063d68199a4bd121d18458e439515601d3357ec/cryptography-48.0.0-cp311-abi3-musllinux_1_2_aarch64.whl", hash = "sha256:59baa2cb386c4f0b9905bd6eb4c2a79a69a128408fd31d32ca4d7102d4156321", size = 4826672, upload-time = "2026-05-04T22:58:01.996Z" },
    { url = "https://files.pythonhosted.org/packages/98/e1/7074eb8bf3c135558c73fc2bcf0f5633f912e6fb87e868a55c454080ef09/cryptography-48.0.0-cp311-abi3-musllinux_1_2_x86_64.whl", hash = "sha256:9249e3cd978541d665967ac2cb2787fd6a62bddf1e75b3e347a594d7dacf4f74", size = 4972574, upload-time = "2026-05-04T22:58:03.968Z" },
    { url = "https://files.pythonhosted.org/packages/04/70/e5a1b41d325f797f39427aa44ef8baf0be500065ab6d8e10369d850d4a4f/cryptography-48.0.0-cp311-abi3-win32.whl", hash = "sha256:9c459db21422be75e2809370b829a87eb37f74cd785fc4aa9ea1e5f43b47cda4", size = 3294868, upload-time = "2026-05-04T22:58:06.467Z" },
    { url = "https://files.pythonhosted.org/packages/f4/ac/8ac51b4a5fc5932eb7ee5c517ba7dc8cd834f0048962b6b352f00f41ebf9/cryptography-48.0.0-cp311-abi3-win_amd64.whl", hash = "sha256:5b012212e08b8dd5edc78ef54da83dd9892fd9105323b3993eff6bea65dc21d7", size = 3817107, upload-time = "2026-05-04T22:58:08.845Z" },
    { url = "https://files.pythonhosted.org/packages/f2/63/61d4a4e1c6b6bab6ce1e213cd36a24c415d90e76d78c5eb8577c5541d2e8/cryptography-48.0.0-cp39-abi3-macosx_10_9_universal2.whl", hash = "sha256:58d00498e8933e4a194f3076aee1b4a97dfec1a6da444535755822fe5d8b0b86", size = 7983482, upload-time = "2026-05-04T22:58:43.769Z" },
    { url = "https://files.pythonhosted.org/packages/d5/ac/f5b5995b87770c693e2596559ffafe195b4033a57f14a82268a2842953f3/cryptography-48.0.0-cp39-abi3-manylinux2014_aarch64.manylinux_2_17_aarch64.whl", hash = "sha256:614d0949f4790582d2cc25553abd09dd723025f0c0e7c67376a1d77196743d6e", size = 4683266, upload-time = "2026-05-04T22:58:46.064Z" },
    { url = "https://files.pythonhosted.org/packages/ec/c6/8b14f67e18338fbc4adb76f66c001f5c3610b3e2d1837f268f47a347dbbb/cryptography-48.0.0-cp39-abi3-manylinux2014_x86_64.manylinux_2_17_x86_64.whl", hash = "sha256:7ce4bfae76319a532a2dc68f82cc32f5676ee792a983187dac07183690e5c66f", size = 4696228, upload-time = "2026-05-04T22:58:48.22Z" },
    { url = "https://files.pythonhosted.org/packages/ea/73/f808fbae9514bd91b47875b003f13e284c8c6bdfd904b7944e803937eec1/cryptography-48.0.0-cp39-abi3-manylinux_2_28_aarch64.whl", hash = "sha256:2eb992bbd4661238c5a397594c83f5b4dc2bc5b848c365c8f991b6780efcc5c7", size = 4689097, upload-time = "2026-05-04T22:58:50.9Z" },
    { url = "https://files.pythonhosted.org/packages/93/01/d86632d7d28db8ae83221995752eeb6639ffb374c2d22955648cf8d52797/cryptography-48.0.0-cp39-abi3-manylinux_2_28_ppc64le.whl", hash = "sha256:22a5cb272895dce158b2cacdfdc3debd299019659f42947dbdac6f32d68fe832", size = 5283582, upload-time = "2026-05-04T22:58:53.017Z" },
    { url = "https://files.pythonhosted.org/packages/02/e1/50edc7a50334807cc4791fc4a0ce7468b4a1416d9138eab358bfc9a3d70b/cryptography-48.0.0-cp39-abi3-manylinux_2_28_x86_64.whl", hash = "sha256:2b4d59804e8408e2fea7d1fbaf218e5ec984325221db76e6a241a9abd6cdd95c", size = 4730479, upload-time = "2026-05-04T22:58:55.611Z" },
    { url = "https://files.pythonhosted.org/packages/6f/af/99a582b1b1641ff5911ac559beb45097cf79efd4ead4657f578ef1af2d47/cryptography-48.0.0-cp39-abi3-manylinux_2_31_armv7l.whl", hash = "sha256:984a20b0f62a26f48a3396c72e4bc34c66e356d356bf370053066b3b6d54634a", size = 4326481, upload-time = "2026-05-04T22:58:57.607Z" },
    { url = "https://files.pythonhosted.org/packages/90/ee/89aa26a06ef0a7d7611788ffd571a7c50e368cc6a4d5eef8b4884e866edb/cryptography-48.0.0-cp39-abi3-manylinux_2_34_aarch64.whl", hash = "sha256:5a5ed8fde7a1d09376ca0b40e68cd59c69fe23b1f9768bd5824f54681626032a", size = 4688713, upload-time = "2026-05-04T22:59:00.077Z" },
    { url = "https://files.pythonhosted.org/packages/70/ba/bcb1b0bb7a33d4c7c0c4d4c7874b4a62ae4f56113a5f4baefa362dfb1f0f/cryptography-48.0.0-cp39-abi3-manylinux_2_34_ppc64le.whl", hash = "sha256:8cd666227ef7af430aa5914a9910e0ddd703e75f039cef0825cd0da71b6b711a", size = 5238165, upload-time = "2026-05-04T22:59:02.317Z" },
    { url = "https://files.pythonhosted.org/packages/c9/70/ca4003b1ce5ca3dc3186ada51908c8a9b9ff7d5cab83cc0d43ee14ec144f/cryptography-48.0.0-cp39-abi3-manylinux_2_34_x86_64.whl", hash = "sha256:9071196d81abc88b3516ac8cdfad32e2b66dd4a5393a8e68a961e9161ddc6239", size = 4729947, upload-time = "2026-05-04T22:59:05.255Z" },
    { url = "https://files.pythonhosted.org/packages/44/a0/4ec7cf774207905aef1a8d11c3750d5a1db805eb380ee4e16df317870128/cryptography-48.0.0-cp39-abi3-musllinux_1_2_aarch64.whl", hash = "sha256:1e2d54c8be6152856a36f0882ab231e70f8ec7f14e93cf87db8a2ed056bf160c", size = 4822059, upload-time = "2026-05-04T22:59:07.802Z" },
    { url = "https://files.pythonhosted.org/packages/1e/75/a2e55f99c16fcac7b5d6c1eb19ad8e00799854d6be5ca845f9259eae1681/cryptography-48.0.0-cp39-abi3-musllinux_1_2_x86_64.whl", hash = "sha256:a5da777e32ffed6f85a7b2b3f7c5cbc88c146bfcd0a1d7baf5fcc6c52ee35dd4", size = 4960575, upload-time = "2026-05-04T22:59:09.851Z" },
    { url = "https://files.pythonhosted.org/packages/b8/23/6e6f32143ab5d8b36ca848a502c4bcd477ae75b9e1677e3530d669062578/cryptography-48.0.0-cp39-abi3-win32.whl", hash = "sha256:77a2ccbbe917f6710e05ba9adaa25fb5075620bf3ea6fb751997875aff4ae4bd", size = 3279117, upload-time = "2026-05-04T22:59:12.019Z" },
    { url = "https://files.pythonhosted.org/packages/9d/9a/0fea98a70cf1749d41d738836f6349d97945f7c89433a259a6c2642eefeb/cryptography-48.0.0-cp39-abi3-win_amd64.whl", hash = "sha256:16cd65b9330583e4619939b3a3843eec1e6e789744bb01e7c7e2e62e33c239c8", size = 3792100, upload-time = "2026-05-04T22:59:14.884Z" },
]

[[package]]
name = "google-api-core"
version = "2.30.3"
source = { registry = "https://pypi.org/simple" }
dependencies = [
    { name = "google-auth" },
    { name = "googleapis-common-protos" },
    { name = "proto-plus" },
    { name = "protobuf" },
    { name = "requests" },
]
sdist = { url = "https://files.pythonhosted.org/packages/16/ce/502a57fb0ec752026d24df1280b162294b22a0afb98a326084f9a979138b/google_api_core-2.30.3.tar.gz", hash = "sha256:e601a37f148585319b26db36e219df68c5d07b6382cff2d580e83404e44d641b", size = 177001, upload-time = "2026-04-10T00:41:28.035Z" }
wheels = [
    { url = "https://files.pythonhosted.org/packages/03/15/e56f351cf6ef1cfea58e6ac226a7318ed1deb2218c4b3cc9bd9e4b786c5a/google_api_core-2.30.3-py3-none-any.whl", hash = "sha256:a85761ba72c444dad5d611c2220633480b2b6be2521eca69cca2dbb3ffd6bfe8", size = 173274, upload-time = "2026-04-09T22:57:16.198Z" },
]

[[package]]
name = "google-api-python-client"
version = "2.197.0"
source = { registry = "https://pypi.org/simple" }
dependencies = [
    { name = "google-api-core" },
    { name = "google-auth" },
    { name = "google-auth-httplib2" },
    { name = "httplib2" },
    { name = "uritemplate" },
]
sdist = { url = "https://files.pythonhosted.org/packages/22/09/081d66357118bd260f8f182cb1b2dd5bd32ca88e3714d7c93896cab946fc/google_api_python_client-2.197.0.tar.gz", hash = "sha256:32e03977eda4a66eafc6ae58dc9ec46426b6025636d5ef019c5703013eddd4e5", size = 14707398, upload-time = "2026-05-28T20:23:12.498Z" }
wheels = [
    { url = "https://files.pythonhosted.org/packages/a0/e5/e9cc221fd75230974d4ef45eb72d2261feca3c110d5554215d516bfe6534/google_api_python_client-2.197.0-py3-none-any.whl", hash = "sha256:0f8b89aa75768161dd4f5092d6bcb386c13236b32e0d9a938c02f71342094d14", size = 15287302, upload-time = "2026-05-28T20:23:09.683Z" },
]

[[package]]
name = "google-auth"
version = "2.53.0"
source = { registry = "https://pypi.org/simple" }
dependencies = [
    { name = "cryptography" },
    { name = "pyasn1-modules" },
]
sdist = { url = "https://files.pythonhosted.org/packages/c6/ad/ff781329bbbdc0974a098d996e89c9e1f7024262f9e3eec442fbb9ad1ac6/google_auth-2.53.0.tar.gz", hash = "sha256:e7e6aa16f6bee7b2b264830fd04f08087a1d5a836df516251a5d15327b246c9c", size = 335844, upload-time = "2026-05-15T20:53:07.928Z" }
wheels = [
    { url = "https://files.pythonhosted.org/packages/4a/c9/db44165ba7c581268c6d46017ef63339110378305062830104fc7fa144cb/google_auth-2.53.0-py3-none-any.whl", hash = "sha256:6e7449917c599b35126a99ec268ec6880301f2fea41dce198fe8fd83ff642b68", size = 246071, upload-time = "2026-05-15T20:53:05.609Z" },
]

[[package]]
name = "google-auth-httplib2"
version = "0.4.0"
source = { registry = "https://pypi.org/simple" }
dependencies = [
    { name = "google-auth" },
    { name = "httplib2" },
]
sdist = { url = "https://files.pythonhosted.org/packages/1c/b3/f192c8bc7e41e0ebdbd95afcae4783417a34b6a6af62d22daf22c3fd38fc/google_auth_httplib2-0.4.0.tar.gz", hash = "sha256:d5b030a204b7a4b4d553ba9ca701b62481ee2b74419325580be70f7d85ffed35", size = 11161, upload-time = "2026-05-07T08:03:46.878Z" }
wheels = [
    { url = "https://files.pythonhosted.org/packages/97/be/954c35a62b9e31de66b0a43c225c9b6bb9e0f98d6b1dc110a2308e3644f5/google_auth_httplib2-0.4.0-py3-none-any.whl", hash = "sha256:8e55cfafa3358cba85f6cad4a886138e88e158d71e7e5c9ee5936a5c1507fb91", size = 9529, upload-time = "2026-05-07T08:02:12.375Z" },
]

[[package]]
name = "googleapis-common-protos"
version = "1.75.0"
source = { registry = "https://pypi.org/simple" }
dependencies = [
    { name = "protobuf" },
]
sdist = { url = "https://files.pythonhosted.org/packages/b5/c8/f439cffde755cffa462bfbb156278fa6f9d09119719af9814b858fd4f81f/googleapis_common_protos-1.75.0.tar.gz", hash = "sha256:53a062ff3c32552fbd62c11fe23768b78e4ddf0494d5e5fd97d3f4689c75fbbd", size = 151035, upload-time = "2026-05-07T08:04:49.423Z" }
wheels = [
    { url = "https://files.pythonhosted.org/packages/e7/c8/e2645aa8ed02fd4c7a2f59d68783b65b1f3cbdfe39a6308e156509d1fee8/googleapis_common_protos-1.75.0-py3-none-any.whl", hash = "sha256:961ed60399c457ceb0ee8f285a84c870aabc9c6a832b9d37bb281b5bebde43ed", size = 300631, upload-time = "2026-05-07T08:03:30.345Z" },
]

[[package]]
name = "httplib2"
version = "0.31.2"
source = { registry = "https://pypi.org/simple" }
dependencies = [
    { name = "pyparsing" },
]
sdist = { url = "https://files.pythonhosted.org/packages/c1/1f/e86365613582c027dda5ddb64e1010e57a3d53e99ab8a72093fa13d565ec/httplib2-0.31.2.tar.gz", hash = "sha256:385e0869d7397484f4eab426197a4c020b606edd43372492337c0b4010ae5d24", size = 250800, upload-time = "2026-01-23T11:04:44.165Z" }
wheels = [
    { url = "https://files.pythonhosted.org/packages/2f/90/fd509079dfcab01102c0fdd87f3a9506894bc70afcf9e9785ef6b2b3aff6/httplib2-0.31.2-py3-none-any.whl", hash = "sha256:dbf0c2fa3862acf3c55c078ea9c0bc4481d7dc5117cae71be9514912cf9f8349", size = 91099, upload-time = "2026-01-23T11:04:42.78Z" },
]

[[package]]
name = "idna"
version = "3.17"
source = { registry = "https://pypi.org/simple" }
sdist = { url = "https://files.pythonhosted.org/packages/b9/28/99c51f664567218d824af024c0251650fb27e4ca066df188dab0769c5b91/idna-3.17.tar.gz", hash = "sha256:5eb0cb53bc467c12eadcf6de83163ad8527cec9416f44b9b61b19caedad2b87f", size = 196048, upload-time = "2026-05-28T14:32:38.55Z" }
wheels = [
    { url = "https://files.pythonhosted.org/packages/de/a7/f76514cc40ad6234098ecdebda08732d75964776c51a42845b7da10649e2/idna-3.17-py3-none-any.whl", hash = "sha256:466e48829084efe2548012b855df21540b96f2e20e51bd124c851536556a592c", size = 65316, upload-time = "2026-05-28T14:32:37.035Z" },
]

[[package]]
name = "proto-plus"
version = "1.28.0"
source = { registry = "https://pypi.org/simple" }
dependencies = [
    { name = "protobuf" },
]
sdist = { url = "https://files.pythonhosted.org/packages/c9/56/e647b0c675392d2da368da7b6f158f7368b18542fd6f7d7400a2f39de000/proto_plus-1.28.0.tar.gz", hash = "sha256:38e5696342835b08fc116f30a25665b29531cda9d5d5643e9b81fc312385abd9", size = 57221, upload-time = "2026-05-07T08:04:50.811Z" }
wheels = [
    { url = "https://files.pythonhosted.org/packages/7c/20/b122d4626976acb81132036d2ad1bb35a1a8775fceb837ec30964622516a/proto_plus-1.28.0-py3-none-any.whl", hash = "sha256:a630604310899e73c59ec302e5765c058d412b2f090b9c79c8822589f14955b8", size = 50410, upload-time = "2026-05-07T08:03:31.962Z" },
]

[[package]]
name = "protobuf"
version = "7.35.0"
source = { registry = "https://pypi.org/simple" }
sdist = { url = "https://files.pythonhosted.org/packages/60/fd/5b1491d9e4b586d621c54f4c36b888714164b6875f8d6afa3f9072906a51/protobuf-7.35.0.tar.gz", hash = "sha256:a2efd84605f41e559f1881b0912b44099d0a2ac9bf46b3474823f10fb393b0e6", size = 458677, upload-time = "2026-05-19T23:02:29.197Z" }
wheels = [
    { url = "https://files.pythonhosted.org/packages/83/ee/93d06e358a4aa32280b00e722d3ea0a1f25fc3cc5778d80581c9cca2c10e/protobuf-7.35.0-cp310-abi3-macosx_10_9_universal2.whl", hash = "sha256:66be6c513931c794fa92c080ffee41671390da3d79da219cf9c0c0907f035dda", size = 433225, upload-time = "2026-05-19T23:02:19.884Z" },
    { url = "https://files.pythonhosted.org/packages/8b/39/1c76c2da93f3c507e958e0aecee2391cc44d4625de6c728bbc555195b5a8/protobuf-7.35.0-cp310-abi3-manylinux2014_aarch64.whl", hash = "sha256:fcbe42a4ac09d3ec9c987ddfcd956afd0b15f1ff613bd8371bde9405ffd5c8e5", size = 328847, upload-time = "2026-05-19T23:02:22.3Z" },
    { url = "https://files.pythonhosted.org/packages/91/1a/39f7ce90a238c1a987a4d81ec26379e02ca0aff367de68e4a1fa474215b9/protobuf-7.35.0-cp310-abi3-manylinux2014_s390x.whl", hash = "sha256:4cbf5cc286130e06a6c9bbefac442431173906dfcc979712183d4adcc01b37ee", size = 344030, upload-time = "2026-05-19T23:02:23.591Z" },
    { url = "https://files.pythonhosted.org/packages/70/5b/6baf9008817964454055ff3fe65f1de0b5f1e26c80c82f7fb108b7cd4ea3/protobuf-7.35.0-cp310-abi3-manylinux2014_x86_64.whl", hash = "sha256:6c0f98f10c8a05ea30f8993dfef2de093d27b490fdae78bb60c8343795d55011", size = 327130, upload-time = "2026-05-19T23:02:24.637Z" },
    { url = "https://files.pythonhosted.org/packages/8e/e5/e46adb0badc388bfb84877a5f9f026aff63f60e611016cf64dbe77e05446/protobuf-7.35.0-cp310-abi3-win32.whl", hash = "sha256:4c4617b83ade0e279d1d2bfe04025a1adb87f9ed657de038620dc0ff959357f6", size = 428946, upload-time = "2026-05-19T23:02:25.741Z" },
    { url = "https://files.pythonhosted.org/packages/a7/ab/547fbd9e16d879dd13c167478f8ae0a83a428008ca07a5e06acdc23ad473/protobuf-7.35.0-cp310-abi3-win_amd64.whl", hash = "sha256:f05bcadf9a2a6b8dda047007075135fb7d08c73d9177aabc067e1be46881a201", size = 439996, upload-time = "2026-05-19T23:02:26.808Z" },
    { url = "https://files.pythonhosted.org/packages/b8/ef/50433d346c56657a70d27f156c7b349ac59a068b01de4eb796e747eecc43/protobuf-7.35.0-py3-none-any.whl", hash = "sha256:c13f325cf242bad135c350629eeb5d54b24228eb472fb3e2e9ebbd4c5dc20ca0", size = 171659, upload-time = "2026-05-19T23:02:27.842Z" },
]

[[package]]
name = "pyasn1"
version = "0.6.3"
source = { registry = "https://pypi.org/simple" }
sdist = { url = "https://files.pythonhosted.org/packages/5c/5f/6583902b6f79b399c9c40674ac384fd9cd77805f9e6205075f828ef11fb2/pyasn1-0.6.3.tar.gz", hash = "sha256:697a8ecd6d98891189184ca1fa05d1bb00e2f84b5977c481452050549c8a72cf", size = 148685, upload-time = "2026-03-17T01:06:53.382Z" }
wheels = [
    { url = "https://files.pythonhosted.org/packages/5d/a0/7d793dce3fa811fe047d6ae2431c672364b462850c6235ae306c0efd025f/pyasn1-0.6.3-py3-none-any.whl", hash = "sha256:a80184d120f0864a52a073acc6fc642847d0be408e7c7252f31390c0f4eadcde", size = 83997, upload-time = "2026-03-17T01:06:52.036Z" },
]

[[package]]
name = "pyasn1-modules"
version = "0.4.2"
source = { registry = "https://pypi.org/simple" }
dependencies = [
    { name = "pyasn1" },
]
sdist = { url = "https://files.pythonhosted.org/packages/e9/e6/78ebbb10a8c8e4b61a59249394a4a594c1a7af95593dc933a349c8d00964/pyasn1_modules-0.4.2.tar.gz", hash = "sha256:677091de870a80aae844b1ca6134f54652fa2c8c5a52aa396440ac3106e941e6", size = 307892, upload-time = "2025-03-28T02:41:22.17Z" }
wheels = [
    { url = "https://files.pythonhosted.org/packages/47/8d/d529b5d697919ba8c11ad626e835d4039be708a35b0d22de83a269a6682c/pyasn1_modules-0.4.2-py3-none-any.whl", hash = "sha256:29253a9207ce32b64c3ac6600edc75368f98473906e8fd1043bd6b5b1de2c14a", size = 181259, upload-time = "2025-03-28T02:41:19.028Z" },
]

[[package]]
name = "pycparser"
version = "3.0"
source = { registry = "https://pypi.org/simple" }
sdist = { url = "https://files.pythonhosted.org/packages/1b/7d/92392ff7815c21062bea51aa7b87d45576f649f16458d78b7cf94b9ab2e6/pycparser-3.0.tar.gz", hash = "sha256:600f49d217304a5902ac3c37e1281c9fe94e4d0489de643a9504c5cdfdfc6b29", size = 103492, upload-time = "2026-01-21T14:26:51.89Z" }
wheels = [
    { url = "https://files.pythonhosted.org/packages/0c/c3/44f3fbbfa403ea2a7c779186dc20772604442dde72947e7d01069cbe98e3/pycparser-3.0-py3-none-any.whl", hash = "sha256:b727414169a36b7d524c1c3e31839a521725078d7b2ff038656844266160a992", size = 48172, upload-time = "2026-01-21T14:26:50.693Z" },
]

[[package]]
name = "pyparsing"
version = "3.3.2"
source = { registry = "https://pypi.org/simple" }
sdist = { url = "https://files.pythonhosted.org/packages/f3/91/9c6ee907786a473bf81c5f53cf703ba0957b23ab84c264080fb5a450416f/pyparsing-3.3.2.tar.gz", hash = "sha256:c777f4d763f140633dcb6d8a3eda953bf7a214dc4eff598413c070bcdc117cbc", size = 6851574, upload-time = "2026-01-21T03:57:59.36Z" }
wheels = [
    { url = "https://files.pythonhosted.org/packages/10/bd/c038d7cc38edc1aa5bf91ab8068b63d4308c66c4c8bb3cbba7dfbc049f9c/pyparsing-3.3.2-py3-none-any.whl", hash = "sha256:850ba148bd908d7e2411587e247a1e4f0327839c40e2e5e6d05a007ecc69911d", size = 122781, upload-time = "2026-01-21T03:57:55.912Z" },
]

[[package]]
name = "python-dotenv"
version = "1.2.2"
source = { registry = "https://pypi.org/simple" }
sdist = { url = "https://files.pythonhosted.org/packages/82/ed/0301aeeac3e5353ef3d94b6ec08bbcabd04a72018415dcb29e588514bba8/python_dotenv-1.2.2.tar.gz", hash = "sha256:2c371a91fbd7ba082c2c1dc1f8bf89ca22564a087c2c287cd9b662adde799cf3", size = 50135, upload-time = "2026-03-01T16:00:26.196Z" }
wheels = [
    { url = "https://files.pythonhosted.org/packages/0b/d7/1959b9648791274998a9c3526f6d0ec8fd2233e4d4acce81bbae76b44b2a/python_dotenv-1.2.2-py3-none-any.whl", hash = "sha256:1d8214789a24de455a8b8bd8ae6fe3c6b69a5e3d64aa8a8e5d68e694bbcb285a", size = 22101, upload-time = "2026-03-01T16:00:25.09Z" },
]

[[package]]
name = "requests"
version = "2.34.2"
source = { registry = "https://pypi.org/simple" }
dependencies = [
    { name = "certifi" },
    { name = "charset-normalizer" },
    { name = "idna" },
    { name = "urllib3" },
]
sdist = { url = "https://files.pythonhosted.org/packages/ac/c3/e2a2b89f2d3e2179abd6d00ebd70bff6273f37fb3e0cc209f48b39d00cbf/requests-2.34.2.tar.gz", hash = "sha256:f288924cae4e29463698d6d60bc6a4da69c89185ad1e0bcc4104f584e960b9ed", size = 142856, upload-time = "2026-05-14T19:25:27.735Z" }
wheels = [
    { url = "https://files.pythonhosted.org/packages/a0/f4/c67b0b3f1b9245e8d266f0f112c500d50e5b4e83cb6f3b71b6528104182a/requests-2.34.2-py3-none-any.whl", hash = "sha256:2a0d60c172f83ac6ab31e4554906c0f3b3588d37b5cb939b1c061f4907e278e0", size = 73075, upload-time = "2026-05-14T19:25:26.443Z" },
]

[[package]]
name = "restfinder"
version = "0.0.1"
source = { virtual = "." }
dependencies = [
    { name = "google-api-python-client" },
    { name = "python-dotenv" },
    { name = "requests" },
    { name = "truststore" },
]

[package.metadata]
requires-dist = [
    { name = "google-api-python-client", specifier = "==2.197.0" },
    { name = "python-dotenv", specifier = "==1.2.2" },
    { name = "requests", specifier = "==2.34.2" },
    { name = "truststore", specifier = "==0.10.4" },
]

[[package]]
name = "truststore"
version = "0.10.4"
source = { registry = "https://pypi.org/simple" }
sdist = { url = "https://files.pythonhosted.org/packages/53/a3/1585216310e344e8102c22482f6060c7a6ea0322b63e026372e6dcefcfd6/truststore-0.10.4.tar.gz", hash = "sha256:9d91bd436463ad5e4ee4aba766628dd6cd7010cf3e2461756b3303710eebc301", size = 26169, upload-time = "2025-08-12T18:49:02.73Z" }
wheels = [
    { url = "https://files.pythonhosted.org/packages/19/97/56608b2249fe206a67cd573bc93cd9896e1efb9e98bce9c163bcdc704b88/truststore-0.10.4-py3-none-any.whl", hash = "sha256:adaeaecf1cbb5f4de3b1959b42d41f6fab57b2b1666adb59e89cb0b53361d981", size = 18660, upload-time = "2025-08-12T18:49:01.46Z" },
]

[[package]]
name = "uritemplate"
version = "4.2.0"
source = { registry = "https://pypi.org/simple" }
sdist = { url = "https://files.pythonhosted.org/packages/98/60/f174043244c5306c9988380d2cb10009f91563fc4b31293d27e17201af56/uritemplate-4.2.0.tar.gz", hash = "sha256:480c2ed180878955863323eea31b0ede668795de182617fef9c6ca09e6ec9d0e", size = 33267, upload-time = "2025-06-02T15:12:06.318Z" }
wheels = [
    { url = "https://files.pythonhosted.org/packages/a9/99/3ae339466c9183ea5b8ae87b34c0b897eda475d2aec2307cae60e5cd4f29/uritemplate-4.2.0-py3-none-any.whl", hash = "sha256:962201ba1c4edcab02e60f9a0d3821e82dfc5d2d6662a21abd533879bdb8a686", size = 11488, upload-time = "2025-06-02T15:12:03.405Z" },
]

[[package]]
name = "urllib3"
version = "2.7.0"
source = { registry = "https://pypi.org/simple" }
sdist = { url = "https://files.pythonhosted.org/packages/53/0c/06f8b233b8fd13b9e5ee11424ef85419ba0d8ba0b3138bf360be2ff56953/urllib3-2.7.0.tar.gz", hash = "sha256:231e0ec3b63ceb14667c67be60f2f2c40a518cb38b03af60abc813da26505f4c", size = 433602, upload-time = "2026-05-07T16:13:18.596Z" }
wheels = [
    { url = "https://files.pythonhosted.org/packages/7f/3e/5db95bcf282c52709639744ca2a8b149baccf648e39c8cc87553df9eae0c/urllib3-2.7.0-py3-none-any.whl", hash = "sha256:9fb4c81ebbb1ce9531cce37674bbc6f1360472bc18ca9a553ede278ef7276897", size = 131087, upload-time = "2026-05-07T16:13:17.151Z" },
]
